
Microsoft Visual Studio Solution File, Format Version 12.00
# Visual Studio 15
VisualStudioVersion = 15.0.28010.2048
MinimumVisualStudioVersion = 10.0.40219.1
Project("{FAE04EC0-301F-11D3-BF4B-00C04F79EFBC}") = "report", "report\report.csproj", "{D2986DA6-2E4B-4337-A542-74A8AF74ED5E}"
EndProject
Global
	GlobalSection(SolutionConfigurationPlatforms) = preSolution
		Debug|Any CPU = Debug|Any CPU
		Release|Any CPU = Release|Any CPU
	EndGlobalSection
	GlobalSection(ProjectConfigurationPlatforms) = postSolution
		{D2986DA6-2E4B-4337-A542-74A8AF74ED5E}.Debug|Any CPU.ActiveCfg = Debug|Any CPU
		{D2986DA6-2E4B-4337-A542-74A8AF74ED5E}.Debug|Any CPU.Build.0 = Debug|Any CPU
		{D2986DA6-2E4B-4337-A542-74A8AF74ED5E}.Release|Any CPU.ActiveCfg = Release|Any CPU
		{D2986DA6-2E4B-4337-A542-74A8AF74ED5E}.Release|Any CPU.Build.0 = Release|Any CPU
	EndGlobalSection
	GlobalSection(SolutionProperties) = preSolution
		HideSolutionNode = FALSE
	EndGlobalSection
	GlobalSection(ExtensibilityGlobals) = postSolution
		SolutionGuid = {9F0E80C8-4BC7-4B3C-B03A-CF8F5812ABD9}
	EndGlobalSection
EndGlobal
